
Microsoft Visual Studio Solution File, Format Version 12.00
# Visual Studio Version 17
VisualStudioVersion = 17.14.36915.13 d17.14
MinimumVisualStudioVersion = 10.0.40219.1
Project("{FAE04EC0-301F-11D3-BF4B-00C04F79EFBC}") = "CybersecurityChatbot", "CybersecurityChatbot.csproj", "{B0FB55B2-E957-44B0-B909-0AEB98DAF9D0}"
EndProject
Global
	GlobalSection(SolutionConfigurationPlatforms) = preSolution
		Debug|Any CPU = Debug|Any CPU
		Release|Any CPU = Release|Any CPU
	EndGlobalSection
	GlobalSection(ProjectConfigurationPlatforms) = postSolution
		{B0FB55B2-E957-44B0-B909-0AEB98DAF9D0}.Debug|Any CPU.ActiveCfg = Debug|Any CPU
		{B0FB55B2-E957-44B0-B909-0AEB98DAF9D0}.Debug|Any CPU.Build.0 = Debug|Any CPU
		{B0FB55B2-E957-44B0-B909-0AEB98DAF9D0}.Release|Any CPU.ActiveCfg = Release|Any CPU
		{B0FB55B2-E957-44B0-B909-0AEB98DAF9D0}.Release|Any CPU.Build.0 = Release|Any CPU
	EndGlobalSection
	GlobalSection(SolutionProperties) = preSolution
		HideSolutionNode = FALSE
	EndGlobalSection
	GlobalSection(ExtensibilityGlobals) = postSolution
		SolutionGuid = {588B81FB-323D-44F5-BEE0-899FD0A2BC8F}
	EndGlobalSection
EndGlobal
